
Microsoft Visual Studio Solution File, Format Version 12.00
# Visual Studio 14
VisualStudioVersion = 14.0.23107.0
MinimumVisualStudioVersion = 10.0.40219.1
Project("{FAE04EC0-301F-11D3-BF4B-00C04F79EFBC}") = "SharePoint-App-SPListFilter-Test", "SharePoint-App-SPListFilter-Test.csproj", "{0AEB4240-5C1B-4DAC-AE11-3560E2A3CF13}"
EndProject
Global
	GlobalSection(SolutionConfigurationPlatforms) = preSolution
		Debug|Any CPU = Debug|Any CPU
		Release|Any CPU = Release|Any CPU
	EndGlobalSection
	GlobalSection(ProjectConfigurationPlatforms) = postSolution
		{0AEB4240-5C1B-4DAC-AE11-3560E2A3CF13}.Debug|Any CPU.ActiveCfg = Debug|Any CPU
		{0AEB4240-5C1B-4DAC-AE11-3560E2A3CF13}.Debug|Any CPU.Build.0 = Debug|Any CPU
		{0AEB4240-5C1B-4DAC-AE11-3560E2A3CF13}.Debug|Any CPU.Deploy.0 = Debug|Any CPU
		{0AEB4240-5C1B-4DAC-AE11-3560E2A3CF13}.Release|Any CPU.ActiveCfg = Release|Any CPU
		{0AEB4240-5C1B-4DAC-AE11-3560E2A3CF13}.Release|Any CPU.Build.0 = Release|Any CPU
		{0AEB4240-5C1B-4DAC-AE11-3560E2A3CF13}.Release|Any CPU.Deploy.0 = Release|Any CPU
	EndGlobalSection
	GlobalSection(SolutionProperties) = preSolution
		HideSolutionNode = FALSE
	EndGlobalSection
EndGlobal
